
Microsoft Visual Studio Solution File, Format Version 12.00
# Visual Studio Version 17
VisualStudioVersion = 17.7.34031.279
MinimumVisualStudioVersion = 10.0.40219.1
Project("{FAE04EC0-301F-11D3-BF4B-00C04F79EFBC}") = "Client", "Client.csproj", "{CDFFB240-518A-47BE-AECD-D463DBD367A1}"
EndProject
Project("{FAE04EC0-301F-11D3-BF4B-00C04F79EFBC}") = "SocketServer", "..\SocketServer\SocketServer.csproj", "{4733D9DC-EF82-429F-9BB4-A5AE18D65079}"
EndProject
Global
	GlobalSection(SolutionConfigurationPlatforms) = preSolution
		Debug|Any CPU = Debug|Any CPU
		Release|Any CPU = Release|Any CPU
	EndGlobalSection
	GlobalSection(ProjectConfigurationPlatforms) = postSolution
		{CDFFB240-518A-47BE-AECD-D463DBD367A1}.Debug|Any CPU.ActiveCfg = Debug|Any CPU
		{CDFFB240-518A-47BE-AECD-D463DBD367A1}.Debug|Any CPU.Build.0 = Debug|Any CPU
		{CDFFB240-518A-47BE-AECD-D463DBD367A1}.Release|Any CPU.ActiveCfg = Release|Any CPU
		{CDFFB240-518A-47BE-AECD-D463DBD367A1}.Release|Any CPU.Build.0 = Release|Any CPU
		{4733D9DC-EF82-429F-9BB4-A5AE18D65079}.Debug|Any CPU.ActiveCfg = Debug|Any CPU
		{4733D9DC-EF82-429F-9BB4-A5AE18D65079}.Debug|Any CPU.Build.0 = Debug|Any CPU
		{4733D9DC-EF82-429F-9BB4-A5AE18D65079}.Release|Any CPU.ActiveCfg = Release|Any CPU
		{4733D9DC-EF82-429F-9BB4-A5AE18D65079}.Release|Any CPU.Build.0 = Release|Any CPU
	EndGlobalSection
	GlobalSection(SolutionProperties) = preSolution
		HideSolutionNode = FALSE
	EndGlobalSection
	GlobalSection(ExtensibilityGlobals) = postSolution
		SolutionGuid = {43D2691F-5A5F-41A5-9C4D-DCE2B898BA6C}
	EndGlobalSection
EndGlobal
